
Microsoft Visual Studio Solution File, Format Version 12.00
# Visual Studio 15
VisualStudioVersion = 15.0.27130.2010
MinimumVisualStudioVersion = 10.0.40219.1
Project("{9A19103F-16F7-4668-BE54-9A1E7A4F7556}") = "JobsMe.DouGatherer", "JobsMe.DouGatherer\JobsMe.DouGatherer.csproj", "{84B7742E-51BC-46A5-B2D9-AA1B25599FEB}"
EndProject
Project("{2150E333-8FDC-42A3-9474-1A3956D46DE8}") = "DataGathering", "DataGathering", "{6CBC1668-88B4-4C63-B83A-CD1BC2358C25}"
EndProject
Project("{9A19103F-16F7-4668-BE54-9A1E7A4F7556}") = "JobsMe.GatheringCommon", "JobsMe.GatheringCommon\JobsMe.GatheringCommon.csproj", "{C9E5EE31-1CB4-413A-A3C9-9536B1ADE0C5}"
EndProject
Project("{2150E333-8FDC-42A3-9474-1A3956D46DE8}") = "DataAnalizing", "DataAnalizing", "{34250364-DAC8-491D-8B1D-86C1608DABC1}"
EndProject
Project("{FAE04EC0-301F-11D3-BF4B-00C04F79EFBC}") = "JobsMe.BotApp", "JobsMe.Bot\JobsMe.BotApp.csproj", "{11AF0F53-C9CC-4C11-9014-71F758A02F8A}"
EndProject
Project("{FAE04EC0-301F-11D3-BF4B-00C04F79EFBC}") = "JobsMe.NewDAL", "JobsMe.NewDAL\JobsMe.NewDAL.csproj", "{DE6F09A9-AAA3-4D36-BE12-0FC94630939E}"
EndProject
Project("{FAE04EC0-301F-11D3-BF4B-00C04F79EFBC}") = "JobsParser", "JobsParser\JobsParser.csproj", "{DB106BE1-C3DF-46E2-8719-AACD6F1ED3A8}"
EndProject
Project("{00D1A9C2-B5F0-4AF3-8072-F6C62B433612}") = "JobsMe.Database", "JobsMe.Database\JobsMe.Database.sqlproj", "{218C30AB-46A1-401A-A838-92AE9AA09C82}"
EndProject
Global
	GlobalSection(SolutionConfigurationPlatforms) = preSolution
		Debug|Any CPU = Debug|Any CPU
		Release|Any CPU = Release|Any CPU
	EndGlobalSection
	GlobalSection(ProjectConfigurationPlatforms) = postSolution
		{84B7742E-51BC-46A5-B2D9-AA1B25599FEB}.Debug|Any CPU.ActiveCfg = Debug|Any CPU
		{84B7742E-51BC-46A5-B2D9-AA1B25599FEB}.Debug|Any CPU.Build.0 = Debug|Any CPU
		{84B7742E-51BC-46A5-B2D9-AA1B25599FEB}.Release|Any CPU.ActiveCfg = Release|Any CPU
		{84B7742E-51BC-46A5-B2D9-AA1B25599FEB}.Release|Any CPU.Build.0 = Release|Any CPU
		{C9E5EE31-1CB4-413A-A3C9-9536B1ADE0C5}.Debug|Any CPU.ActiveCfg = Debug|Any CPU
		{C9E5EE31-1CB4-413A-A3C9-9536B1ADE0C5}.Debug|Any CPU.Build.0 = Debug|Any CPU
		{C9E5EE31-1CB4-413A-A3C9-9536B1ADE0C5}.Release|Any CPU.ActiveCfg = Release|Any CPU
		{C9E5EE31-1CB4-413A-A3C9-9536B1ADE0C5}.Release|Any CPU.Build.0 = Release|Any CPU
		{11AF0F53-C9CC-4C11-9014-71F758A02F8A}.Debug|Any CPU.ActiveCfg = Debug|Any CPU
		{11AF0F53-C9CC-4C11-9014-71F758A02F8A}.Debug|Any CPU.Build.0 = Debug|Any CPU
		{11AF0F53-C9CC-4C11-9014-71F758A02F8A}.Release|Any CPU.ActiveCfg = Release|Any CPU
		{11AF0F53-C9CC-4C11-9014-71F758A02F8A}.Release|Any CPU.Build.0 = Release|Any CPU
		{DE6F09A9-AAA3-4D36-BE12-0FC94630939E}.Debug|Any CPU.ActiveCfg = Debug|Any CPU
		{DE6F09A9-AAA3-4D36-BE12-0FC94630939E}.Debug|Any CPU.Build.0 = Debug|Any CPU
		{DE6F09A9-AAA3-4D36-BE12-0FC94630939E}.Release|Any CPU.ActiveCfg = Release|Any CPU
		{DE6F09A9-AAA3-4D36-BE12-0FC94630939E}.Release|Any CPU.Build.0 = Release|Any CPU
		{DB106BE1-C3DF-46E2-8719-AACD6F1ED3A8}.Debug|Any CPU.ActiveCfg = Debug|Any CPU
		{DB106BE1-C3DF-46E2-8719-AACD6F1ED3A8}.Debug|Any CPU.Build.0 = Debug|Any CPU
		{DB106BE1-C3DF-46E2-8719-AACD6F1ED3A8}.Release|Any CPU.ActiveCfg = Release|Any CPU
		{DB106BE1-C3DF-46E2-8719-AACD6F1ED3A8}.Release|Any CPU.Build.0 = Release|Any CPU
		{218C30AB-46A1-401A-A838-92AE9AA09C82}.Debug|Any CPU.ActiveCfg = Debug|Any CPU
		{218C30AB-46A1-401A-A838-92AE9AA09C82}.Debug|Any CPU.Build.0 = Debug|Any CPU
		{218C30AB-46A1-401A-A838-92AE9AA09C82}.Debug|Any CPU.Deploy.0 = Debug|Any CPU
		{218C30AB-46A1-401A-A838-92AE9AA09C82}.Release|Any CPU.ActiveCfg = Release|Any CPU
		{218C30AB-46A1-401A-A838-92AE9AA09C82}.Release|Any CPU.Build.0 = Release|Any CPU
		{218C30AB-46A1-401A-A838-92AE9AA09C82}.Release|Any CPU.Deploy.0 = Release|Any CPU
	EndGlobalSection
	GlobalSection(SolutionProperties) = preSolution
		HideSolutionNode = FALSE
	EndGlobalSection
	GlobalSection(NestedProjects) = preSolution
		{84B7742E-51BC-46A5-B2D9-AA1B25599FEB} = {6CBC1668-88B4-4C63-B83A-CD1BC2358C25}
		{C9E5EE31-1CB4-413A-A3C9-9536B1ADE0C5} = {6CBC1668-88B4-4C63-B83A-CD1BC2358C25}
		{DE6F09A9-AAA3-4D36-BE12-0FC94630939E} = {6CBC1668-88B4-4C63-B83A-CD1BC2358C25}
		{DB106BE1-C3DF-46E2-8719-AACD6F1ED3A8} = {6CBC1668-88B4-4C63-B83A-CD1BC2358C25}
	EndGlobalSection
	GlobalSection(ExtensibilityGlobals) = postSolution
		SolutionGuid = {810BC0B1-BDE4-472A-8253-E951A2B6D0FC}
	EndGlobalSection
EndGlobal
